// !$*UTF8*$!
{
	archiveVersion = 1;
	classes = {
	};
	objectVersion = 48;
	objects = {

/* Begin PBXBuildFile section */
		14149DD521B141CD0036D693 /* ProfileTableViewController.swift in Sources */ = {isa = PBXBuildFile; fileRef = 14149DD421B141CD0036D693 /* ProfileTableViewController.swift */; };
		14149DD721B141EE0036D693 /* MessageTableViewController.swift in Sources */ = {isa = PBXBuildFile; fileRef = 14149DD621B141EE0036D693 /* MessageTableViewController.swift */; };
		14149DD921B141FF0036D693 /* HomeTableViewController.swift in Sources */ = {isa = PBXBuildFile; fileRef = 14149DD821B141FF0036D693 /* HomeTableViewController.swift */; };
		14149DDB21B142150036D693 /* DiscoverTableViewController.swift in Sources */ = {isa = PBXBuildFile; fileRef = 14149DDA21B142150036D693 /* DiscoverTableViewController.swift */; };
		14149DDD21B142640036D693 /* MainViewController.swift in Sources */ = {isa = PBXBuildFile; fileRef = 14149DDC21B142640036D693 /* MainViewController.swift */; };
		141A63C621AFFE2B0085D932 /* AppDelegate.swift in Sources */ = {isa = PBXBuildFile; fileRef = 141A63C521AFFE2B0085D932 /* AppDelegate.swift */; };
		141A63CD21AFFE2B0085D932 /* Assets.xcassets in Resources */ = {isa = PBXBuildFile; fileRef = 141A63CC21AFFE2B0085D932 /* Assets.xcassets */; };
		141A63DB21AFFE2B0085D932 /* helloweiboTests.swift in Sources */ = {isa = PBXBuildFile; fileRef = 141A63DA21AFFE2B0085D932 /* helloweiboTests.swift */; };
		141A63E621AFFE2B0085D932 /* helloweiboUITests.swift in Sources */ = {isa = PBXBuildFile; fileRef = 141A63E521AFFE2B0085D932 /* helloweiboUITests.swift */; };
		14F3163E21B24F2A009137F1 /* UIButton+Extension.swift in Sources */ = {isa = PBXBuildFile; fileRef = 14F3163D21B24F2A009137F1 /* UIButton+Extension.swift */; };
/* End PBXBuildFile section */

/* Begin PBXContainerItemProxy section */
		141A63D721AFFE2B0085D932 /* PBXContainerItemProxy */ = {
			isa = PBXContainerItemProxy;
			containerPortal = 141A63BA21AFFE2A0085D932 /* Project object */;
			proxyType = 1;
			remoteGlobalIDString = 141A63C121AFFE2A0085D932;
			remoteInfo = helloweibo;
		};
		141A63E221AFFE2B0085D932 /* PBXContainerItemProxy */ = {
			isa = PBXContainerItemProxy;
			containerPortal = 141A63BA21AFFE2A0085D932 /* Project object */;
			proxyType = 1;
			remoteGlobalIDString = 141A63C121AFFE2A0085D932;
			remoteInfo = helloweibo;
		};
/* End PBXContainerItemProxy section */

/* Begin PBXFileReference section */
		14149DD421B141CD0036D693 /* ProfileTableViewController.swift */ = {isa = PBXFileReference; lastKnownFileType = sourcecode.swift; path = ProfileTableViewController.swift; sourceTree = "<group>"; };
		14149DD621B141EE0036D693 /* MessageTableViewController.swift */ = {isa = PBXFileReference; lastKnownFileType = sourcecode.swift; path = MessageTableViewController.swift; sourceTree = "<group>"; };
		14149DD821B141FF0036D693 /* HomeTableViewController.swift */ = {isa = PBXFileReference; lastKnownFileType = sourcecode.swift; path = HomeTableViewController.swift; sourceTree = "<group>"; };
		14149DDA21B142150036D693 /* DiscoverTableViewController.swift */ = {isa = PBXFileReference; lastKnownFileType = sourcecode.swift; path = DiscoverTableViewController.swift; sourceTree = "<group>"; };
		14149DDC21B142640036D693 /* MainViewController.swift */ = {isa = PBXFileReference; lastKnownFileType = sourcecode.swift; path = MainViewController.swift; sourceTree = "<group>"; };
		141A63C221AFFE2B0085D932 /* helloweibo.app */ = {isa = PBXFileReference; explicitFileType = wrapper.application; includeInIndex = 0; path = helloweibo.app; sourceTree = BUILT_PRODUCTS_DIR; };
		141A63C521AFFE2B0085D932 /* AppDelegate.swift */ = {isa = PBXFileReference; lastKnownFileType = sourcecode.swift; name = AppDelegate.swift; path = helloweibo/AppDelegate.swift; sourceTree = SOURCE_ROOT; };
		141A63CC21AFFE2B0085D932 /* Assets.xcassets */ = {isa = PBXFileReference; lastKnownFileType = folder.assetcatalog; path = Assets.xcassets; sourceTree = "<group>"; };
		141A63D121AFFE2B0085D932 /* Info.plist */ = {isa = PBXFileReference; lastKnownFileType = text.plist.xml; path = Info.plist; sourceTree = "<group>"; };
		141A63D621AFFE2B0085D932 /* helloweiboTests.xctest */ = {isa = PBXFileReference; explicitFileType = wrapper.cfbundle; includeInIndex = 0; path = helloweiboTests.xctest; sourceTree = BUILT_PRODUCTS_DIR; };
		141A63DA21AFFE2B0085D932 /* helloweiboTests.swift */ = {isa = PBXFileReference; lastKnownFileType = sourcecode.swift; path = helloweiboTests.swift; sourceTree = "<group>"; };
		141A63DC21AFFE2B0085D932 /* Info.plist */ = {isa = PBXFileReference; lastKnownFileType = text.plist.xml; path = Info.plist; sourceTree = "<group>"; };
		141A63E121AFFE2B0085D932 /* helloweiboUITests.xctest */ = {isa = PBXFileReference; explicitFileType = wrapper.cfbundle; includeInIndex = 0; path = helloweiboUITests.xctest; sourceTree = BUILT_PRODUCTS_DIR; };
		141A63E521AFFE2B0085D932 /* helloweiboUITests.swift */ = {isa = PBXFileReference; lastKnownFileType = sourcecode.swift; path = helloweiboUITests.swift; sourceTree = "<group>"; };
		141A63E721AFFE2B0085D932 /* Info.plist */ = {isa = PBXFileReference; lastKnownFileType = text.plist.xml; path = Info.plist; sourceTree = "<group>"; };
		14F3163D21B24F2A009137F1 /* UIButton+Extension.swift */ = {isa = PBXFileReference; lastKnownFileType = sourcecode.swift; path = "UIButton+Extension.swift"; sourceTree = "<group>"; };
/* End PBXFileReference section */

/* Begin PBXFrameworksBuildPhase section */
		141A63BF21AFFE2A0085D932 /* Frameworks */ = {
			isa = PBXFrameworksBuildPhase;
			buildActionMask = 2147483647;
			files = (
			);
			runOnlyForDeploymentPostprocessing = 0;
		};
		141A63D321AFFE2B0085D932 /* Frameworks */ = {
			isa = PBXFrameworksBuildPhase;
			buildActionMask = 2147483647;
			files = (
			);
			runOnlyForDeploymentPostprocessing = 0;
		};
		141A63DE21AFFE2B0085D932 /* Frameworks */ = {
			isa = PBXFrameworksBuildPhase;
			buildActionMask = 2147483647;
			files = (
			);
			runOnlyForDeploymentPostprocessing = 0;
		};
/* End PBXFrameworksBuildPhase section */

/* Begin PBXGroup section */
		14149DC421B140990036D693 /* New Group */ = {
			isa = PBXGroup;
			children = (
				14149DC721B140DC0036D693 /* Tools */,
				14149DC521B140A60036D693 /* View */,
				14149DDF21B142B20036D693 /* Model */,
				14149DC821B140E80036D693 /* ViewModel */,
			);
			path = "New Group";
			sourceTree = "<group>";
		};
		14149DC521B140A60036D693 /* View */ = {
			isa = PBXGroup;
			children = (
				14149DCE21B1412E0036D693 /* Profile */,
				14149DCD21B141270036D693 /* Message */,
				14149DCC21B141210036D693 /* Home */,
				14149DCB21B141090036D693 /* Discover */,
				14149DC921B140F90036D693 /* Main */,
			);
			path = View;
			sourceTree = "<group>";
		};
		14149DC721B140DC0036D693 /* Tools */ = {
			isa = PBXGroup;
			children = (
				14F3163C21B24EAF009137F1 /* Extension */,
			);
			path = Tools;
			sourceTree = "<group>";
		};
		14149DC821B140E80036D693 /* ViewModel */ = {
			isa = PBXGroup;
			children = (
			);
			path = ViewModel;
			sourceTree = "<group>";
		};
		14149DC921B140F90036D693 /* Main */ = {
			isa = PBXGroup;
			children = (
				14149DDC21B142640036D693 /* MainViewController.swift */,
			);
			path = Main;
			sourceTree = "<group>";
		};
		14149DCB21B141090036D693 /* Discover */ = {
			isa = PBXGroup;
			children = (
				14149DDA21B142150036D693 /* DiscoverTableViewController.swift */,
			);
			path = Discover;
			sourceTree = "<group>";
		};
		14149DCC21B141210036D693 /* Home */ = {
			isa = PBXGroup;
			children = (
				14149DD821B141FF0036D693 /* HomeTableViewController.swift */,
			);
			path = Home;
			sourceTree = "<group>";
		};
		14149DCD21B141270036D693 /* Message */ = {
			isa = PBXGroup;
			children = (
				14149DD621B141EE0036D693 /* MessageTableViewController.swift */,
			);
			path = Message;
			sourceTree = "<group>";
		};
		14149DCE21B1412E0036D693 /* Profile */ = {
			isa = PBXGroup;
			children = (
				14149DD421B141CD0036D693 /* ProfileTableViewController.swift */,
			);
			path = Profile;
			sourceTree = "<group>";
		};
		14149DDF21B142B20036D693 /* Model */ = {
			isa = PBXGroup;
			children = (
			);
			path = Model;
			sourceTree = "<group>";
		};
		141A63B921AFFE2A0085D932 = {
			isa = PBXGroup;
			children = (
				141A63C421AFFE2B0085D932 /* helloweibo */,
				141A63D921AFFE2B0085D932 /* helloweiboTests */,
				141A63E421AFFE2B0085D932 /* helloweiboUITests */,
				141A63C321AFFE2B0085D932 /* Products */,
			);
			sourceTree = "<group>";
		};
		141A63C321AFFE2B0085D932 /* Products */ = {
			isa = PBXGroup;
			children = (
				141A63C221AFFE2B0085D932 /* helloweibo.app */,
				141A63D621AFFE2B0085D932 /* helloweiboTests.xctest */,
				141A63E121AFFE2B0085D932 /* helloweiboUITests.xctest */,
			);
			name = Products;
			sourceTree = "<group>";
		};
		141A63C421AFFE2B0085D932 /* helloweibo */ = {
			isa = PBXGroup;
			children = (
				14149DC421B140990036D693 /* New Group */,
				141A63C521AFFE2B0085D932 /* AppDelegate.swift */,
				141A63CC21AFFE2B0085D932 /* Assets.xcassets */,
				141A63D121AFFE2B0085D932 /* Info.plist */,
			);
			path = helloweibo;
			sourceTree = "<group>";
		};
		141A63D921AFFE2B0085D932 /* helloweiboTests */ = {
			isa = PBXGroup;
			children = (
				141A63DA21AFFE2B0085D932 /* helloweiboTests.swift */,
				141A63DC21AFFE2B0085D932 /* Info.plist */,
			);
			path = helloweiboTests;
			sourceTree = "<group>";
		};
		141A63E421AFFE2B0085D932 /* helloweiboUITests */ = {
			isa = PBXGroup;
			children = (
				141A63E521AFFE2B0085D932 /* helloweiboUITests.swift */,
				141A63E721AFFE2B0085D932 /* Info.plist */,
			);
			path = helloweiboUITests;
			sourceTree = "<group>";
		};
		14F3163C21B24EAF009137F1 /* Extension */ = {
			isa = PBXGroup;
			children = (
				14F3163D21B24F2A009137F1 /* UIButton+Extension.swift */,
			);
			path = Extension;
			sourceTree = "<group>";
		};
/* End PBXGroup section */

/* Begin PBXNativeTarget section */
		141A63C121AFFE2A0085D932 /* helloweibo */ = {
			isa = PBXNativeTarget;
			buildConfigurationList = 141A63EA21AFFE2B0085D932 /* Build configuration list for PBXNativeTarget "helloweibo" */;
			buildPhases = (
				141A63BE21AFFE2A0085D932 /* Sources */,
				141A63BF21AFFE2A0085D932 /* Frameworks */,
				141A63C021AFFE2A0085D932 /* Resources */,
			);
			buildRules = (
			);
			dependencies = (
			);
			name = helloweibo;
			productName = helloweibo;
			productReference = 141A63C221AFFE2B0085D932 /* helloweibo.app */;
			productType = "com.apple.product-type.application";
		};
		141A63D521AFFE2B0085D932 /* helloweiboTests */ = {
			isa = PBXNativeTarget;
			buildConfigurationList = 141A63ED21AFFE2B0085D932 /* Build configuration list for PBXNativeTarget "helloweiboTests" */;
			buildPhases = (
				141A63D221AFFE2B0085D932 /* Sources */,
				141A63D321AFFE2B0085D932 /* Frameworks */,
				141A63D421AFFE2B0085D932 /* Resources */,
			);
			buildRules = (
			);
			dependencies = (
				141A63D821AFFE2B0085D932 /* PBXTargetDependency */,
			);
			name = helloweiboTests;
			productName = helloweiboTests;
			productReference = 141A63D621AFFE2B0085D932 /* helloweiboTests.xctest */;
			productType = "com.apple.product-type.bundle.unit-test";
		};
		141A63E021AFFE2B0085D932 /* helloweiboUITests */ = {
			isa = PBXNativeTarget;
			buildConfigurationList = 141A63F021AFFE2B0085D932 /* Build configuration list for PBXNativeTarget "helloweiboUITests" */;
			buildPhases = (
				141A63DD21AFFE2B0085D932 /* Sources */,
				141A63DE21AFFE2B0085D932 /* Frameworks */,
				141A63DF21AFFE2B0085D932 /* Resources */,
			);
			buildRules = (
			);
			dependencies = (
				141A63E321AFFE2B0085D932 /* PBXTargetDependency */,
			);
			name = helloweiboUITests;
			productName = helloweiboUITests;
			productReference = 141A63E121AFFE2B0085D932 /* helloweiboUITests.xctest */;
			productType = "com.apple.product-type.bundle.ui-testing";
		};
/* End PBXNativeTarget section */

/* Begin PBXProject section */
		141A63BA21AFFE2A0085D932 /* Project object */ = {
			isa = PBXProject;
			attributes = {
				LastSwiftUpdateCheck = 0900;
				LastUpgradeCheck = 0900;
				ORGANIZATIONNAME = www.alpaca.com;
				TargetAttributes = {
					141A63C121AFFE2A0085D932 = {
						CreatedOnToolsVersion = 9.0;
						ProvisioningStyle = Automatic;
					};
					141A63D521AFFE2B0085D932 = {
						CreatedOnToolsVersion = 9.0;
						ProvisioningStyle = Automatic;
						TestTargetID = 141A63C121AFFE2A0085D932;
					};
					141A63E021AFFE2B0085D932 = {
						CreatedOnToolsVersion = 9.0;
						ProvisioningStyle = Automatic;
						TestTargetID = 141A63C121AFFE2A0085D932;
					};
				};
			};
			buildConfigurationList = 141A63BD21AFFE2A0085D932 /* Build configuration list for PBXProject "helloweibo" */;
			compatibilityVersion = "Xcode 8.0";
			developmentRegion = en;
			hasScannedForEncodings = 0;
			knownRegions = (
				en,
				Base,
			);
			mainGroup = 141A63B921AFFE2A0085D932;
			productRefGroup = 141A63C321AFFE2B0085D932 /* Products */;
			projectDirPath = "";
			projectRoot = "";
			targets = (
				141A63C121AFFE2A0085D932 /* helloweibo */,
				141A63D521AFFE2B0085D932 /* helloweiboTests */,
				141A63E021AFFE2B0085D932 /* helloweiboUITests */,
			);
		};
/* End PBXProject section */

/* Begin PBXResourcesBuildPhase section */
		141A63C021AFFE2A0085D932 /* Resources */ = {
			isa = PBXResourcesBuildPhase;
			buildActionMask = 2147483647;
			files = (
				141A63CD21AFFE2B0085D932 /* Assets.xcassets in Resources */,
			);
			runOnlyForDeploymentPostprocessing = 0;
		};
		141A63D421AFFE2B0085D932 /* Resources */ = {
			isa = PBXResourcesBuildPhase;
			buildActionMask = 2147483647;
			files = (
			);
			runOnlyForDeploymentPostprocessing = 0;
		};
		141A63DF21AFFE2B0085D932 /* Resources */ = {
			isa = PBXResourcesBuildPhase;
			buildActionMask = 2147483647;
			files = (
			);
			runOnlyForDeploymentPostprocessing = 0;
		};
/* End PBXResourcesBuildPhase section */

/* Begin PBXSourcesBuildPhase section */
		141A63BE21AFFE2A0085D932 /* Sources */ = {
			isa = PBXSourcesBuildPhase;
			buildActionMask = 2147483647;
			files = (
				14149DD921B141FF0036D693 /* HomeTableViewController.swift in Sources */,
				14149DD521B141CD0036D693 /* ProfileTableViewController.swift in Sources */,
				14149DD721B141EE0036D693 /* MessageTableViewController.swift in Sources */,
				14149DDD21B142640036D693 /* MainViewController.swift in Sources */,
				14149DDB21B142150036D693 /* DiscoverTableViewController.swift in Sources */,
				141A63C621AFFE2B0085D932 /* AppDelegate.swift in Sources */,
				14F3163E21B24F2A009137F1 /* UIButton+Extension.swift in Sources */,
			);
			runOnlyForDeploymentPostprocessing = 0;
		};
		141A63D221AFFE2B0085D932 /* Sources */ = {
			isa = PBXSourcesBuildPhase;
			buildActionMask = 2147483647;
			files = (
				141A63DB21AFFE2B0085D932 /* helloweiboTests.swift in Sources */,
			);
			runOnlyForDeploymentPostprocessing = 0;
		};
		141A63DD21AFFE2B0085D932 /* Sources */ = {
			isa = PBXSourcesBuildPhase;
			buildActionMask = 2147483647;
			files = (
				141A63E621AFFE2B0085D932 /* helloweiboUITests.swift in Sources */,
			);
			runOnlyForDeploymentPostprocessing = 0;
		};
/* End PBXSourcesBuildPhase section */

/* Begin PBXTargetDependency section */
		141A63D821AFFE2B0085D932 /* PBXTargetDependency */ = {
			isa = PBXTargetDependency;
			target = 141A63C121AFFE2A0085D932 /* helloweibo */;
			targetProxy = 141A63D721AFFE2B0085D932 /* PBXContainerItemProxy */;
		};
		141A63E321AFFE2B0085D932 /* PBXTargetDependency */ = {
			isa = PBXTargetDependency;
			target = 141A63C121AFFE2A0085D932 /* helloweibo */;
			targetProxy = 141A63E221AFFE2B0085D932 /* PBXContainerItemProxy */;
		};
/* End PBXTargetDependency section */

/* Begin XCBuildConfiguration section */
		141A63E821AFFE2B0085D932 /* Debug */ = {
			isa = XCBuildConfiguration;
			buildSettings = {
				ALWAYS_SEARCH_USER_PATHS = NO;
				CLANG_ANALYZER_NONNULL = YES;
				CLANG_ANALYZER_NUMBER_OBJECT_CONVERSION = YES_AGGRESSIVE;
				CLANG_CXX_LANGUAGE_STANDARD = "gnu++14";
				CLANG_CXX_LIBRARY = "libc++";
				CLANG_ENABLE_MODULES = YES;
				CLANG_ENABLE_OBJC_ARC = YES;
				CLANG_WARN_BLOCK_CAPTURE_AUTORELEASING = YES;
				CLANG_WARN_BOOL_CONVERSION = YES;
				CLANG_WARN_COMMA = YES;
				CLANG_WARN_CONSTANT_CONVERSION = YES;
				CLANG_WARN_DIRECT_OBJC_ISA_USAGE = YES_ERROR;
				CLANG_WARN_DOCUMENTATION_COMMENTS = YES;
				CLANG_WARN_EMPTY_BODY = YES;
				CLANG_WARN_ENUM_CONVERSION = YES;
				CLANG_WARN_INFINITE_RECURSION = YES;
				CLANG_WARN_INT_CONVERSION = YES;
				CLANG_WARN_NON_LITERAL_NULL_CONVERSION = YES;
				CLANG_WARN_OBJC_LITERAL_CONVERSION = YES;
				CLANG_WARN_OBJC_ROOT_CLASS = YES_ERROR;
				CLANG_WARN_RANGE_LOOP_ANALYSIS = YES;
				CLANG_WARN_STRICT_PROTOTYPES = YES;
				CLANG_WARN_SUSPICIOUS_MOVE = YES;
				CLANG_WARN_UNGUARDED_AVAILABILITY = YES_AGGRESSIVE;
				CLANG_WARN_UNREACHABLE_CODE = YES;
				CLANG_WARN__DUPLICATE_METHOD_MATCH = YES;
				CODE_SIGN_IDENTITY = "iPhone Developer";
				COPY_PHASE_STRIP = NO;
				DEBUG_INFORMATION_FORMAT = dwarf;
				ENABLE_STRICT_OBJC_MSGSEND = YES;
				ENABLE_TESTABILITY = YES;
				GCC_C_LANGUAGE_STANDARD = gnu11;
				GCC_DYNAMIC_NO_PIC = NO;
				GCC_NO_COMMON_BLOCKS = YES;
				GCC_OPTIMIZATION_LEVEL = 0;
				GCC_PREPROCESSOR_DEFINITIONS = (
					"DEBUG=1",
					"$(inherited)",
				);
				GCC_WARN_64_TO_32_BIT_CONVERSION = YES;
				GCC_WARN_ABOUT_RETURN_TYPE = YES_ERROR;
				GCC_WARN_UNDECLARED_SELECTOR = YES;
				GCC_WARN_UNINITIALIZED_AUTOS = YES_AGGRESSIVE;
				GCC_WARN_UNUSED_FUNCTION = YES;
				GCC_WARN_UNUSED_VARIABLE = YES;
				IPHONEOS_DEPLOYMENT_TARGET = 11.0;
				MTL_ENABLE_DEBUG_INFO = YES;
				ONLY_ACTIVE_ARCH = YES;
				SDKROOT = iphoneos;
				SWIFT_ACTIVE_COMPILATION_CONDITIONS = DEBUG;
				SWIFT_OPTIMIZATION_LEVEL = "-Onone";
			};
			name = Debug;
		};
		141A63E921AFFE2B0085D932 /* Release */ = {
			isa = XCBuildConfiguration;
			buildSettings = {
				ALWAYS_SEARCH_USER_PATHS = NO;
				CLANG_ANALYZER_NONNULL = YES;
				CLANG_ANALYZER_NUMBER_OBJECT_CONVERSION = YES_AGGRESSIVE;
				CLANG_CXX_LANGUAGE_STANDARD = "gnu++14";
				CLANG_CXX_LIBRARY = "libc++";
				CLANG_ENABLE_MODULES = YES;
				CLANG_ENABLE_OBJC_ARC = YES;
				CLANG_WARN_BLOCK_CAPTURE_AUTORELEASING = YES;
				CLANG_WARN_BOOL_CONVERSION = YES;
				CLANG_WARN_COMMA = YES;
				CLANG_WARN_CONSTANT_CONVERSION = YES;
				CLANG_WARN_DIRECT_OBJC_ISA_USAGE = YES_ERROR;
				CLANG_WARN_DOCUMENTATION_COMMENTS = YES;
				CLANG_WARN_EMPTY_BODY = YES;
				CLANG_WARN_ENUM_CONVERSION = YES;
				CLANG_WARN_INFINITE_RECURSION = YES;
				CLANG_WARN_INT_CONVERSION = YES;
				CLANG_WARN_NON_LITERAL_NULL_CONVERSION = YES;
				CLANG_WARN_OBJC_LITERAL_CONVERSION = YES;
				CLANG_WARN_OBJC_ROOT_CLASS = YES_ERROR;
				CLANG_WARN_RANGE_LOOP_ANALYSIS = YES;
				CLANG_WARN_STRICT_PROTOTYPES = YES;
				CLANG_WARN_SUSPICIOUS_MOVE = YES;
				CLANG_WARN_UNGUARDED_AVAILABILITY = YES_AGGRESSIVE;
				CLANG_WARN_UNREACHABLE_CODE = YES;
				CLANG_WARN__DUPLICATE_METHOD_MATCH = YES;
				CODE_SIGN_IDENTITY = "iPhone Developer";
				COPY_PHASE_STRIP = NO;
				DEBUG_INFORMATION_FORMAT = "dwarf-with-dsym";
				ENABLE_NS_ASSERTIONS = NO;
				ENABLE_STRICT_OBJC_MSGSEND = YES;
				GCC_C_LANGUAGE_STANDARD = gnu11;
				GCC_NO_COMMON_BLOCKS = YES;
				GCC_WARN_64_TO_32_BIT_CONVERSION = YES;
				GCC_WARN_ABOUT_RETURN_TYPE = YES_ERROR;
				GCC_WARN_UNDECLARED_SELECTOR = YES;
				GCC_WARN_UNINITIALIZED_AUTOS = YES_AGGRESSIVE;
				GCC_WARN_UNUSED_FUNCTION = YES;
				GCC_WARN_UNUSED_VARIABLE = YES;
				IPHONEOS_DEPLOYMENT_TARGET = 11.0;
				MTL_ENABLE_DEBUG_INFO = NO;
				SDKROOT = iphoneos;
				SWIFT_OPTIMIZATION_LEVEL = "-Owholemodule";
				VALIDATE_PRODUCT = YES;
			};
			name = Release;
		};
		141A63EB21AFFE2B0085D932 /* Debug */ = {
			isa = XCBuildConfiguration;
			buildSettings = {
				ASSETCATALOG_COMPILER_APPICON_NAME = AppIcon;
				ASSETCATALOG_COMPILER_LAUNCHIMAGE_NAME = LaunchImage;
				CODE_SIGN_STYLE = Automatic;
				DEVELOPMENT_TEAM = LFGNL3DKU4;
				INFOPLIST_FILE = helloweibo/Info.plist;
				IPHONEOS_DEPLOYMENT_TARGET = 10.3;
				LD_RUNPATH_SEARCH_PATHS = "$(inherited) @executable_path/Frameworks";
				PRODUCT_BUNDLE_IDENTIFIER = com.alpaca.MyUsefulAppliction.helloweibo;
				PRODUCT_NAME = "$(TARGET_NAME)";
				SWIFT_VERSION = 4.0;
				TARGETED_DEVICE_FAMILY = 1;
			};
			name = Debug;
		};
		141A63EC21AFFE2B0085D932 /* Release */ = {
			isa = XCBuildConfiguration;
			buildSettings = {
				ASSETCATALOG_COMPILER_APPICON_NAME = AppIcon;
				ASSETCATALOG_COMPILER_LAUNCHIMAGE_NAME = LaunchImage;
				CODE_SIGN_STYLE = Automatic;
				DEVELOPMENT_TEAM = LFGNL3DKU4;
				INFOPLIST_FILE = helloweibo/Info.plist;
				IPHONEOS_DEPLOYMENT_TARGET = 10.3;
				LD_RUNPATH_SEARCH_PATHS = "$(inherited) @executable_path/Frameworks";
				PRODUCT_BUNDLE_IDENTIFIER = com.alpaca.MyUsefulAppliction.helloweibo;
				PRODUCT_NAME = "$(TARGET_NAME)";
				SWIFT_VERSION = 4.0;
				TARGETED_DEVICE_FAMILY = 1;
			};
			name = Release;
		};
		141A63EE21AFFE2B0085D932 /* Debug */ = {
			isa = XCBuildConfiguration;
			buildSettings = {
				ALWAYS_EMBED_SWIFT_STANDARD_LIBRARIES = YES;
				BUNDLE_LOADER = "$(TEST_HOST)";
				CODE_SIGN_STYLE = Automatic;
				DEVELOPMENT_TEAM = LFGNL3DKU4;
				INFOPLIST_FILE = helloweiboTests/Info.plist;
				LD_RUNPATH_SEARCH_PATHS = "$(inherited) @executable_path/Frameworks @loader_path/Frameworks";
				PRODUCT_BUNDLE_IDENTIFIER = com.alpaca.MyUsefulAppliction.helloweiboTests;
				PRODUCT_NAME = "$(TARGET_NAME)";
				SWIFT_VERSION = 4.0;
				TARGETED_DEVICE_FAMILY = "1,2";
				TEST_HOST = "$(BUILT_PRODUCTS_DIR)/helloweibo.app/helloweibo";
			};
			name = Debug;
		};
		141A63EF21AFFE2B0085D932 /* Release */ = {
			isa = XCBuildConfiguration;
			buildSettings = {
				ALWAYS_EMBED_SWIFT_STANDARD_LIBRARIES = YES;
				BUNDLE_LOADER = "$(TEST_HOST)";
				CODE_SIGN_STYLE = Automatic;
				DEVELOPMENT_TEAM = LFGNL3DKU4;
				INFOPLIST_FILE = helloweiboTests/Info.plist;
				LD_RUNPATH_SEARCH_PATHS = "$(inherited) @executable_path/Frameworks @loader_path/Frameworks";
				PRODUCT_BUNDLE_IDENTIFIER = com.alpaca.MyUsefulAppliction.helloweiboTests;
				PRODUCT_NAME = "$(TARGET_NAME)";
				SWIFT_VERSION = 4.0;
				TARGETED_DEVICE_FAMILY = "1,2";
				TEST_HOST = "$(BUILT_PRODUCTS_DIR)/helloweibo.app/helloweibo";
			};
			name = Release;
		};
		141A63F121AFFE2B0085D932 /* Debug */ = {
			isa = XCBuildConfiguration;
			buildSettings = {
				ALWAYS_EMBED_SWIFT_STANDARD_LIBRARIES = YES;
				CODE_SIGN_STYLE = Automatic;
				DEVELOPMENT_TEAM = LFGNL3DKU4;
				INFOPLIST_FILE = helloweiboUITests/Info.plist;
				LD_RUNPATH_SEARCH_PATHS = "$(inherited) @executable_path/Frameworks @loader_path/Frameworks";
				PRODUCT_BUNDLE_IDENTIFIER = com.alpaca.MyUsefulAppliction.helloweiboUITests;
				PRODUCT_NAME = "$(TARGET_NAME)";
				SWIFT_VERSION = 4.0;
				TARGETED_DEVICE_FAMILY = "1,2";
				TEST_TARGET_NAME = helloweibo;
			};
			name = Debug;
		};
		141A63F221AFFE2B0085D932 /* Release */ = {
			isa = XCBuildConfiguration;
			buildSettings = {
				ALWAYS_EMBED_SWIFT_STANDARD_LIBRARIES = YES;
				CODE_SIGN_STYLE = Automatic;
				DEVELOPMENT_TEAM = LFGNL3DKU4;
				INFOPLIST_FILE = helloweiboUITests/Info.plist;
				LD_RUNPATH_SEARCH_PATHS = "$(inherited) @executable_path/Frameworks @loader_path/Frameworks";
				PRODUCT_BUNDLE_IDENTIFIER = com.alpaca.MyUsefulAppliction.helloweiboUITests;
				PRODUCT_NAME = "$(TARGET_NAME)";
				SWIFT_VERSION = 4.0;
				TARGETED_DEVICE_FAMILY = "1,2";
				TEST_TARGET_NAME = helloweibo;
			};
			name = Release;
		};
/* End XCBuildConfiguration section */

/* Begin XCConfigurationList section */
		141A63BD21AFFE2A0085D932 /* Build configuration list for PBXProject "helloweibo" */ = {
			isa = XCConfigurationList;
			buildConfigurations = (
				141A63E821AFFE2B0085D932 /* Debug */,
				141A63E921AFFE2B0085D932 /* Release */,
			);
			defaultConfigurationIsVisible = 0;
			defaultConfigurationName = Release;
		};
		141A63EA21AFFE2B0085D932 /* Build configuration list for PBXNativeTarget "helloweibo" */ = {
			isa = XCConfigurationList;
			buildConfigurations = (
				141A63EB21AFFE2B0085D932 /* Debug */,
				141A63EC21AFFE2B0085D932 /* Release */,
			);
			defaultConfigurationIsVisible = 0;
			defaultConfigurationName = Release;
		};
		141A63ED21AFFE2B0085D932 /* Build configuration list for PBXNativeTarget "helloweiboTests" */ = {
			isa = XCConfigurationList;
			buildConfigurations = (
				141A63EE21AFFE2B0085D932 /* Debug */,
				141A63EF21AFFE2B0085D932 /* Release */,
			);
			defaultConfigurationIsVisible = 0;
			defaultConfigurationName = Release;
		};
		141A63F021AFFE2B0085D932 /* Build configuration list for PBXNativeTarget "helloweiboUITests" */ = {
			isa = XCConfigurationList;
			buildConfigurations = (
				141A63F121AFFE2B0085D932 /* Debug */,
				141A63F221AFFE2B0085D932 /* Release */,
			);
			defaultConfigurationIsVisible = 0;
			defaultConfigurationName = Release;
		};
/* End XCConfigurationList section */
	};
	rootObject = 141A63BA21AFFE2A0085D932 /* Project object */;
}
